// !$*UTF8*$!
{
	archiveVersion = 1;
	classes = {
	};
	objectVersion = 56;
	objects = {

/* Begin PBXBuildFile section */
		4C2A6B0BD347C4A471CFDDF3 /* Pods_TG_TGUITests.framework in Frameworks */ = {isa = PBXBuildFile; fileRef = 2B03AA2BE5C8B7F9F25C76A0 /* Pods_TG_TGUITests.framework */; };
		6B3993922A7989ED002A8093 /* Teams.graphql.swift in Sources */ = {isa = PBXBuildFile; fileRef = 6B39938C2A7989ED002A8093 /* Teams.graphql.swift */; };
		6B3993932A7989ED002A8093 /* SearchSummary.graphql.swift in Sources */ = {isa = PBXBuildFile; fileRef = 6B39938D2A7989ED002A8093 /* SearchSummary.graphql.swift */; };
		6B3993942A7989ED002A8093 /* Query.graphql.swift in Sources */ = {isa = PBXBuildFile; fileRef = 6B39938E2A7989ED002A8093 /* Query.graphql.swift */; };
		6B3993952A7989ED002A8093 /* Team.graphql.swift in Sources */ = {isa = PBXBuildFile; fileRef = 6B39938F2A7989ED002A8093 /* Team.graphql.swift */; };
		6B3993962A7989ED002A8093 /* MintedMomentSearchSummary.graphql.swift in Sources */ = {isa = PBXBuildFile; fileRef = 6B3993902A7989ED002A8093 /* MintedMomentSearchSummary.graphql.swift */; };
		6B3993972A7989ED002A8093 /* SearchMintedMomentsResponse.graphql.swift in Sources */ = {isa = PBXBuildFile; fileRef = 6B3993912A7989ED002A8093 /* SearchMintedMomentsResponse.graphql.swift */; };
		6B3993A22A7989FA002A8093 /* AllTeamsByLeaguesInput.graphql.swift in Sources */ = {isa = PBXBuildFile; fileRef = 6B3993982A7989FA002A8093 /* AllTeamsByLeaguesInput.graphql.swift */; };
		6B3993A32A7989FA002A8093 /* IntegerRangeFilterInput.graphql.swift in Sources */ = {isa = PBXBuildFile; fileRef = 6B3993992A7989FA002A8093 /* IntegerRangeFilterInput.graphql.swift */; };
		6B3993A42A7989FA002A8093 /* BaseSearchInput.graphql.swift in Sources */ = {isa = PBXBuildFile; fileRef = 6B39939A2A7989FA002A8093 /* BaseSearchInput.graphql.swift */; };
		6B3993A52A7989FA002A8093 /* SearchMintedMomentsInput.graphql.swift in Sources */ = {isa = PBXBuildFile; fileRef = 6B39939B2A7989FA002A8093 /* SearchMintedMomentsInput.graphql.swift */; };
		6B3993A62A7989FA002A8093 /* DateRangeFilterInput.graphql.swift in Sources */ = {isa = PBXBuildFile; fileRef = 6B39939C2A7989FA002A8093 /* DateRangeFilterInput.graphql.swift */; };
		6B3993A72A7989FA002A8093 /* MintedMomentFilterInput.graphql.swift in Sources */ = {isa = PBXBuildFile; fileRef = 6B39939D2A7989FA002A8093 /* MintedMomentFilterInput.graphql.swift */; };
		6B3993A82A7989FA002A8093 /* PlayerGameScoresFiltersInput.graphql.swift in Sources */ = {isa = PBXBuildFile; fileRef = 6B39939E2A7989FA002A8093 /* PlayerGameScoresFiltersInput.graphql.swift */; };
		6B3993A92A7989FA002A8093 /* EditionsFilterInput.graphql.swift in Sources */ = {isa = PBXBuildFile; fileRef = 6B39939F2A7989FA002A8093 /* EditionsFilterInput.graphql.swift */; };
		6B3993AA2A7989FA002A8093 /* PaginationInput.graphql.swift in Sources */ = {isa = PBXBuildFile; fileRef = 6B3993A02A7989FA002A8093 /* PaginationInput.graphql.swift */; };
		6B3993AB2A7989FA002A8093 /* PriceRangeFilterInput.graphql.swift in Sources */ = {isa = PBXBuildFile; fileRef = 6B3993A12A7989FA002A8093 /* PriceRangeFilterInput.graphql.swift */; };
		6B3993B42A798A06002A8093 /* MintedMomentSortType.graphql.swift in Sources */ = {isa = PBXBuildFile; fileRef = 6B3993AC2A798A06002A8093 /* MintedMomentSortType.graphql.swift */; };
		6B3993B52A798A06002A8093 /* LockStatusFilter.graphql.swift in Sources */ = {isa = PBXBuildFile; fileRef = 6B3993AD2A798A06002A8093 /* LockStatusFilter.graphql.swift */; };
		6B3993B62A798A06002A8093 /* MomentTier.graphql.swift in Sources */ = {isa = PBXBuildFile; fileRef = 6B3993AE2A798A06002A8093 /* MomentTier.graphql.swift */; };
		6B3993B72A798A06002A8093 /* VisualIdType.graphql.swift in Sources */ = {isa = PBXBuildFile; fileRef = 6B3993AF2A798A06002A8093 /* VisualIdType.graphql.swift */; };
		6B3993B82A798A06002A8093 /* CursorDirection.graphql.swift in Sources */ = {isa = PBXBuildFile; fileRef = 6B3993B02A798A06002A8093 /* CursorDirection.graphql.swift */; };
		6B3993B92A798A06002A8093 /* ForSaleFilter.graphql.swift in Sources */ = {isa = PBXBuildFile; fileRef = 6B3993B12A798A06002A8093 /* ForSaleFilter.graphql.swift */; };
		6B3993BA2A798A06002A8093 /* PlayerPosition.graphql.swift in Sources */ = {isa = PBXBuildFile; fileRef = 6B3993B22A798A06002A8093 /* PlayerPosition.graphql.swift */; };
		6B3993BB2A798A06002A8093 /* League.graphql.swift in Sources */ = {isa = PBXBuildFile; fileRef = 6B3993B32A798A06002A8093 /* League.graphql.swift */; };
		6B3993BF2A798A12002A8093 /* Time.swift in Sources */ = {isa = PBXBuildFile; fileRef = 6B3993BC2A798A12002A8093 /* Time.swift */; };
		6B3993C02A798A12002A8093 /* Cursor.swift in Sources */ = {isa = PBXBuildFile; fileRef = 6B3993BD2A798A12002A8093 /* Cursor.swift */; };
		6B3993C12A798A12002A8093 /* Price.swift in Sources */ = {isa = PBXBuildFile; fileRef = 6B3993BE2A798A12002A8093 /* Price.swift */; };
		6B3993C32A798A50002A8093 /* SchemaMetadata.graphql.swift in Sources */ = {isa = PBXBuildFile; fileRef = 6B3993C22A798A50002A8093 /* SchemaMetadata.graphql.swift */; };
		6B3993C72A798A81002A8093 /* SearchMintedMomentsQuery.graphql.swift in Sources */ = {isa = PBXBuildFile; fileRef = 6B3993C42A798A81002A8093 /* SearchMintedMomentsQuery.graphql.swift */; };
		6B3993C82A798A81002A8093 /* AllTeamsQuery.graphql.swift in Sources */ = {isa = PBXBuildFile; fileRef = 6B3993C52A798A81002A8093 /* AllTeamsQuery.graphql.swift */; };
		6B3993C92A798A81002A8093 /* AllTeamsByLeaguesQuery.graphql.swift in Sources */ = {isa = PBXBuildFile; fileRef = 6B3993C62A798A81002A8093 /* AllTeamsByLeaguesQuery.graphql.swift */; };
		6B3993CD2A798B58002A8093 /* SearchMintedMomentsViewController.swift in Sources */ = {isa = PBXBuildFile; fileRef = 6B3993CC2A798B58002A8093 /* SearchMintedMomentsViewController.swift */; };
		6B6C06DF2A11E50A008C12D5 /* AppDelegate.swift in Sources */ = {isa = PBXBuildFile; fileRef = 6B6C06DE2A11E50A008C12D5 /* AppDelegate.swift */; };
		6B6C06E12A11E50A008C12D5 /* SceneDelegate.swift in Sources */ = {isa = PBXBuildFile; fileRef = 6B6C06E02A11E50A008C12D5 /* SceneDelegate.swift */; };
		6B6C06E32A11E50A008C12D5 /* ViewController.swift in Sources */ = {isa = PBXBuildFile; fileRef = 6B6C06E22A11E50A008C12D5 /* ViewController.swift */; };
		6B6C06E62A11E50A008C12D5 /* Main.storyboard in Resources */ = {isa = PBXBuildFile; fileRef = 6B6C06E42A11E50A008C12D5 /* Main.storyboard */; };
		6B6C06E92A11E50A008C12D5 /* TG.xcdatamodeld in Sources */ = {isa = PBXBuildFile; fileRef = 6B6C06E72A11E50A008C12D5 /* TG.xcdatamodeld */; };
		6B6C06EB2A11E50C008C12D5 /* Assets.xcassets in Resources */ = {isa = PBXBuildFile; fileRef = 6B6C06EA2A11E50C008C12D5 /* Assets.xcassets */; };
		6B6C06EE2A11E50C008C12D5 /* LaunchScreen.storyboard in Resources */ = {isa = PBXBuildFile; fileRef = 6B6C06EC2A11E50C008C12D5 /* LaunchScreen.storyboard */; };
		6B6C06F92A11E50C008C12D5 /* TGTests.swift in Sources */ = {isa = PBXBuildFile; fileRef = 6B6C06F82A11E50C008C12D5 /* TGTests.swift */; };
		6B6C07032A11E50C008C12D5 /* TGUITests.swift in Sources */ = {isa = PBXBuildFile; fileRef = 6B6C07022A11E50C008C12D5 /* TGUITests.swift */; };
		6B6C07052A11E50C008C12D5 /* TGUITestsLaunchTests.swift in Sources */ = {isa = PBXBuildFile; fileRef = 6B6C07042A11E50C008C12D5 /* TGUITestsLaunchTests.swift */; };
		6B6C07132A11E8B6008C12D5 /* Queries.graphql in Sources */ = {isa = PBXBuildFile; fileRef = 6B6C07122A11E8B6008C12D5 /* Queries.graphql */; };
		6B6C07152A11EBBE008C12D5 /* schema.json in Resources */ = {isa = PBXBuildFile; fileRef = 6B6C07142A11EBBD008C12D5 /* schema.json */; };
		6B6C07242A1201E6008C12D5 /* TG.graphql.swift in Sources */ = {isa = PBXBuildFile; fileRef = 6B6C07232A1201E6008C12D5 /* TG.graphql.swift */; };
		6B6C07252A120260008C12D5 /* Pods_TG.framework in Frameworks */ = {isa = PBXBuildFile; fileRef = 6BF45BC323EF4C524A6E269C /* Pods_TG.framework */; };
		6B6C07372A12E591008C12D5 /* NetworkManager.swift in Sources */ = {isa = PBXBuildFile; fileRef = 6B6C07362A12E591008C12D5 /* NetworkManager.swift */; };
		6B6C074C2A1705BC008C12D5 /* NBAViewController.swift in Sources */ = {isa = PBXBuildFile; fileRef = 6B6C074B2A1705BB008C12D5 /* NBAViewController.swift */; };
		6B6C074E2A1705F8008C12D5 /* WNBAViewController.swift in Sources */ = {isa = PBXBuildFile; fileRef = 6B6C074D2A1705F8008C12D5 /* WNBAViewController.swift */; };
		6B6C07502A170617008C12D5 /* ALLTeamViewController.swift in Sources */ = {isa = PBXBuildFile; fileRef = 6B6C074F2A170617008C12D5 /* ALLTeamViewController.swift */; };
		6B6C07532A170ABF008C12D5 /* ViewControllerViewModel.swift in Sources */ = {isa = PBXBuildFile; fileRef = 6B6C07522A170ABF008C12D5 /* ViewControllerViewModel.swift */; };
		6B6C07572A170EB9008C12D5 /* DataModels.swift in Sources */ = {isa = PBXBuildFile; fileRef = 6B6C07562A170EB9008C12D5 /* DataModels.swift */; };
		6B6C075B2A17D40A008C12D5 /* TableViewCell.swift in Sources */ = {isa = PBXBuildFile; fileRef = 6B6C075A2A17D40A008C12D5 /* TableViewCell.swift */; };
		6B6C075D2A1FC9D6008C12D5 /* SchemaConfiguration.swift in Sources */ = {isa = PBXBuildFile; fileRef = 6B6C075C2A1FC9D6008C12D5 /* SchemaConfiguration.swift */; };
		A799CDC83B5DE7810BB6C5E4 /* Pods_TGTests.framework in Frameworks */ = {isa = PBXBuildFile; fileRef = FCD931CD1E86BC6C2565BA1F /* Pods_TGTests.framework */; };
/* End PBXBuildFile section */

/* Begin PBXContainerItemProxy section */
		6B6C06F52A11E50C008C12D5 /* PBXContainerItemProxy */ = {
			isa = PBXContainerItemProxy;
			containerPortal = 6B6C06D32A11E50A008C12D5 /* Project object */;
			proxyType = 1;
			remoteGlobalIDString = 6B6C06DA2A11E50A008C12D5;
			remoteInfo = TG;
		};
		6B6C06FF2A11E50C008C12D5 /* PBXContainerItemProxy */ = {
			isa = PBXContainerItemProxy;
			containerPortal = 6B6C06D32A11E50A008C12D5 /* Project object */;
			proxyType = 1;
			remoteGlobalIDString = 6B6C06DA2A11E50A008C12D5;
			remoteInfo = TG;
		};
/* End PBXContainerItemProxy section */

/* Begin PBXFileReference section */
		2B03AA2BE5C8B7F9F25C76A0 /* Pods_TG_TGUITests.framework */ = {isa = PBXFileReference; explicitFileType = wrapper.framework; includeInIndex = 0; path = Pods_TG_TGUITests.framework; sourceTree = BUILT_PRODUCTS_DIR; };
		5C24330048293DA0F22DE791 /* Pods-TG-TGUITests.debug.xcconfig */ = {isa = PBXFileReference; includeInIndex = 1; lastKnownFileType = text.xcconfig; name = "Pods-TG-TGUITests.debug.xcconfig"; path = "Target Support Files/Pods-TG-TGUITests/Pods-TG-TGUITests.debug.xcconfig"; sourceTree = "<group>"; };
		6198EC708410B17317F2312B /* Pods-TGTests.debug.xcconfig */ = {isa = PBXFileReference; includeInIndex = 1; lastKnownFileType = text.xcconfig; name = "Pods-TGTests.debug.xcconfig"; path = "Target Support Files/Pods-TGTests/Pods-TGTests.debug.xcconfig"; sourceTree = "<group>"; };
		6B39938C2A7989ED002A8093 /* Teams.graphql.swift */ = {isa = PBXFileReference; fileEncoding = 4; lastKnownFileType = sourcecode.swift; name = Teams.graphql.swift; path = Schema/Objects/Teams.graphql.swift; sourceTree = "<group>"; };
		6B39938D2A7989ED002A8093 /* SearchSummary.graphql.swift */ = {isa = PBXFileReference; fileEncoding = 4; lastKnownFileType = sourcecode.swift; name = SearchSummary.graphql.swift; path = Schema/Objects/SearchSummary.graphql.swift; sourceTree = "<group>"; };
		6B39938E2A7989ED002A8093 /* Query.graphql.swift */ = {isa = PBXFileReference; fileEncoding = 4; lastKnownFileType = sourcecode.swift; name = Query.graphql.swift; path = Schema/Objects/Query.graphql.swift; sourceTree = "<group>"; };
		6B39938F2A7989ED002A8093 /* Team.graphql.swift */ = {isa = PBXFileReference; fileEncoding = 4; lastKnownFileType = sourcecode.swift; name = Team.graphql.swift; path = Schema/Objects/Team.graphql.swift; sourceTree = "<group>"; };
		6B3993902A7989ED002A8093 /* MintedMomentSearchSummary.graphql.swift */ = {isa = PBXFileReference; fileEncoding = 4; lastKnownFileType = sourcecode.swift; name = MintedMomentSearchSummary.graphql.swift; path = Schema/Objects/MintedMomentSearchSummary.graphql.swift; sourceTree = "<group>"; };
		6B3993912A7989ED002A8093 /* SearchMintedMomentsResponse.graphql.swift */ = {isa = PBXFileReference; fileEncoding = 4; lastKnownFileType = sourcecode.swift; name = SearchMintedMomentsResponse.graphql.swift; path = Schema/Objects/SearchMintedMomentsResponse.graphql.swift; sourceTree = "<group>"; };
		6B3993982A7989FA002A8093 /* AllTeamsByLeaguesInput.graphql.swift */ = {isa = PBXFileReference; fileEncoding = 4; lastKnownFileType = sourcecode.swift; name = AllTeamsByLeaguesInput.graphql.swift; path = Schema/InputObjects/AllTeamsByLeaguesInput.graphql.swift; sourceTree = "<group>"; };
		6B3993992A7989FA002A8093 /* IntegerRangeFilterInput.graphql.swift */ = {isa = PBXFileReference; fileEncoding = 4; lastKnownFileType = sourcecode.swift; name = IntegerRangeFilterInput.graphql.swift; path = Schema/InputObjects/IntegerRangeFilterInput.graphql.swift; sourceTree = "<group>"; };
		6B39939A2A7989FA002A8093 /* BaseSearchInput.graphql.swift */ = {isa = PBXFileReference; fileEncoding = 4; lastKnownFileType = sourcecode.swift; name = BaseSearchInput.graphql.swift; path = Schema/InputObjects/BaseSearchInput.graphql.swift; sourceTree = "<group>"; };
		6B39939B2A7989FA002A8093 /* SearchMintedMomentsInput.graphql.swift */ = {isa = PBXFileReference; fileEncoding = 4; lastKnownFileType = sourcecode.swift; name = SearchMintedMomentsInput.graphql.swift; path = Schema/InputObjects/SearchMintedMomentsInput.graphql.swift; sourceTree = "<group>"; };
		6B39939C2A7989FA002A8093 /* DateRangeFilterInput.graphql.swift */ = {isa = PBXFileReference; fileEncoding = 4; lastKnownFileType = sourcecode.swift; name = DateRangeFilterInput.graphql.swift; path = Schema/InputObjects/DateRangeFilterInput.graphql.swift; sourceTree = "<group>"; };
		6B39939D2A7989FA002A8093 /* MintedMomentFilterInput.graphql.swift */ = {isa = PBXFileReference; fileEncoding = 4; lastKnownFileType = sourcecode.swift; name = MintedMomentFilterInput.graphql.swift; path = Schema/InputObjects/MintedMomentFilterInput.graphql.swift; sourceTree = "<group>"; };
		6B39939E2A7989FA002A8093 /* PlayerGameScoresFiltersInput.graphql.swift */ = {isa = PBXFileReference; fileEncoding = 4; lastKnownFileType = sourcecode.swift; name = PlayerGameScoresFiltersInput.graphql.swift; path = Schema/InputObjects/PlayerGameScoresFiltersInput.graphql.swift; sourceTree = "<group>"; };
		6B39939F2A7989FA002A8093 /* EditionsFilterInput.graphql.swift */ = {isa = PBXFileReference; fileEncoding = 4; lastKnownFileType = sourcecode.swift; name = EditionsFilterInput.graphql.swift; path = Schema/InputObjects/EditionsFilterInput.graphql.swift; sourceTree = "<group>"; };
		6B3993A02A7989FA002A8093 /* PaginationInput.graphql.swift */ = {isa = PBXFileReference; fileEncoding = 4; lastKnownFileType = sourcecode.swift; name = PaginationInput.graphql.swift; path = Schema/InputObjects/PaginationInput.graphql.swift; sourceTree = "<group>"; };
		6B3993A12A7989FA002A8093 /* PriceRangeFilterInput.graphql.swift */ = {isa = PBXFileReference; fileEncoding = 4; lastKnownFileType = sourcecode.swift; name = PriceRangeFilterInput.graphql.swift; path = Schema/InputObjects/PriceRangeFilterInput.graphql.swift; sourceTree = "<group>"; };
		6B3993AC2A798A06002A8093 /* MintedMomentSortType.graphql.swift */ = {isa = PBXFileReference; fileEncoding = 4; lastKnownFileType = sourcecode.swift; name = MintedMomentSortType.graphql.swift; path = Schema/Enums/MintedMomentSortType.graphql.swift; sourceTree = "<group>"; };
		6B3993AD2A798A06002A8093 /* LockStatusFilter.graphql.swift */ = {isa = PBXFileReference; fileEncoding = 4; lastKnownFileType = sourcecode.swift; name = LockStatusFilter.graphql.swift; path = Schema/Enums/LockStatusFilter.graphql.swift; sourceTree = "<group>"; };
		6B3993AE2A798A06002A8093 /* MomentTier.graphql.swift */ = {isa = PBXFileReference; fileEncoding = 4; lastKnownFileType = sourcecode.swift; name = MomentTier.graphql.swift; path = Schema/Enums/MomentTier.graphql.swift; sourceTree = "<group>"; };
		6B3993AF2A798A06002A8093 /* VisualIdType.graphql.swift */ = {isa = PBXFileReference; fileEncoding = 4; lastKnownFileType = sourcecode.swift; name = VisualIdType.graphql.swift; path = Schema/Enums/VisualIdType.graphql.swift; sourceTree = "<group>"; };
		6B3993B02A798A06002A8093 /* CursorDirection.graphql.swift */ = {isa = PBXFileReference; fileEncoding = 4; lastKnownFileType = sourcecode.swift; name = CursorDirection.graphql.swift; path = Schema/Enums/CursorDirection.graphql.swift; sourceTree = "<group>"; };
		6B3993B12A798A06002A8093 /* ForSaleFilter.graphql.swift */ = {isa = PBXFileReference; fileEncoding = 4; lastKnownFileType = sourcecode.swift; name = ForSaleFilter.graphql.swift; path = Schema/Enums/ForSaleFilter.graphql.swift; sourceTree = "<group>"; };
		6B3993B22A798A06002A8093 /* PlayerPosition.graphql.swift */ = {isa = PBXFileReference; fileEncoding = 4; lastKnownFileType = sourcecode.swift; name = PlayerPosition.graphql.swift; path = Schema/Enums/PlayerPosition.graphql.swift; sourceTree = "<group>"; };
		6B3993B32A798A06002A8093 /* League.graphql.swift */ = {isa = PBXFileReference; fileEncoding = 4; lastKnownFileType = sourcecode.swift; name = League.graphql.swift; path = Schema/Enums/League.graphql.swift; sourceTree = "<group>"; };
		6B3993BC2A798A12002A8093 /* Time.swift */ = {isa = PBXFileReference; fileEncoding = 4; lastKnownFileType = sourcecode.swift; name = Time.swift; path = Schema/CustomScalars/Time.swift; sourceTree = "<group>"; };
		6B3993BD2A798A12002A8093 /* Cursor.swift */ = {isa = PBXFileReference; fileEncoding = 4; lastKnownFileType = sourcecode.swift; name = Cursor.swift; path = Schema/CustomScalars/Cursor.swift; sourceTree = "<group>"; };
		6B3993BE2A798A12002A8093 /* Price.swift */ = {isa = PBXFileReference; fileEncoding = 4; lastKnownFileType = sourcecode.swift; name = Price.swift; path = Schema/CustomScalars/Price.swift; sourceTree = "<group>"; };
		6B3993C22A798A50002A8093 /* SchemaMetadata.graphql.swift */ = {isa = PBXFileReference; fileEncoding = 4; lastKnownFileType = sourcecode.swift; name = SchemaMetadata.graphql.swift; path = Schema/SchemaMetadata.graphql.swift; sourceTree = "<group>"; };
		6B3993C42A798A81002A8093 /* SearchMintedMomentsQuery.graphql.swift */ = {isa = PBXFileReference; fileEncoding = 4; lastKnownFileType = sourcecode.swift; name = SearchMintedMomentsQuery.graphql.swift; path = Operations/Queries/SearchMintedMomentsQuery.graphql.swift; sourceTree = "<group>"; };
		6B3993C52A798A81002A8093 /* AllTeamsQuery.graphql.swift */ = {isa = PBXFileReference; fileEncoding = 4; lastKnownFileType = sourcecode.swift; name = AllTeamsQuery.graphql.swift; path = Operations/Queries/AllTeamsQuery.graphql.swift; sourceTree = "<group>"; };
		6B3993C62A798A81002A8093 /* AllTeamsByLeaguesQuery.graphql.swift */ = {isa = PBXFileReference; fileEncoding = 4; lastKnownFileType = sourcecode.swift; name = AllTeamsByLeaguesQuery.graphql.swift; path = Operations/Queries/AllTeamsByLeaguesQuery.graphql.swift; sourceTree = "<group>"; };
		6B3993CC2A798B58002A8093 /* SearchMintedMomentsViewController.swift */ = {isa = PBXFileReference; lastKnownFileType = sourcecode.swift; path = SearchMintedMomentsViewController.swift; sourceTree = "<group>"; };
		6B6C06DB2A11E50A008C12D5 /* TG.app */ = {isa = PBXFileReference; explicitFileType = wrapper.application; includeInIndex = 0; path = TG.app; sourceTree = BUILT_PRODUCTS_DIR; };
		6B6C06DE2A11E50A008C12D5 /* AppDelegate.swift */ = {isa = PBXFileReference; lastKnownFileType = sourcecode.swift; path = AppDelegate.swift; sourceTree = "<group>"; };
		6B6C06E02A11E50A008C12D5 /* SceneDelegate.swift */ = {isa = PBXFileReference; lastKnownFileType = sourcecode.swift; path = SceneDelegate.swift; sourceTree = "<group>"; };
		6B6C06E22A11E50A008C12D5 /* ViewController.swift */ = {isa = PBXFileReference; lastKnownFileType = sourcecode.swift; path = ViewController.swift; sourceTree = "<group>"; };
		6B6C06E52A11E50A008C12D5 /* Base */ = {isa = PBXFileReference; lastKnownFileType = file.storyboard; name = Base; path = Base.lproj/Main.storyboard; sourceTree = "<group>"; };
		6B6C06E82A11E50A008C12D5 /* TG.xcdatamodel */ = {isa = PBXFileReference; lastKnownFileType = wrapper.xcdatamodel; path = TG.xcdatamodel; sourceTree = "<group>"; };
		6B6C06EA2A11E50C008C12D5 /* Assets.xcassets */ = {isa = PBXFileReference; lastKnownFileType = folder.assetcatalog; path = Assets.xcassets; sourceTree = "<group>"; };
		6B6C06ED2A11E50C008C12D5 /* Base */ = {isa = PBXFileReference; lastKnownFileType = file.storyboard; name = Base; path = Base.lproj/LaunchScreen.storyboard; sourceTree = "<group>"; };
		6B6C06EF2A11E50C008C12D5 /* Info.plist */ = {isa = PBXFileReference; lastKnownFileType = text.plist.xml; path = Info.plist; sourceTree = "<group>"; };
		6B6C06F42A11E50C008C12D5 /* TGTests.xctest */ = {isa = PBXFileReference; explicitFileType = wrapper.cfbundle; includeInIndex = 0; path = TGTests.xctest; sourceTree = BUILT_PRODUCTS_DIR; };
		6B6C06F82A11E50C008C12D5 /* TGTests.swift */ = {isa = PBXFileReference; lastKnownFileType = sourcecode.swift; path = TGTests.swift; sourceTree = "<group>"; };
		6B6C06FE2A11E50C008C12D5 /* TGUITests.xctest */ = {isa = PBXFileReference; explicitFileType = wrapper.cfbundle; includeInIndex = 0; path = TGUITests.xctest; sourceTree = BUILT_PRODUCTS_DIR; };
		6B6C07022A11E50C008C12D5 /* TGUITests.swift */ = {isa = PBXFileReference; lastKnownFileType = sourcecode.swift; path = TGUITests.swift; sourceTree = "<group>"; };
		6B6C07042A11E50C008C12D5 /* TGUITestsLaunchTests.swift */ = {isa = PBXFileReference; lastKnownFileType = sourcecode.swift; path = TGUITestsLaunchTests.swift; sourceTree = "<group>"; };
		6B6C07122A11E8B6008C12D5 /* Queries.graphql */ = {isa = PBXFileReference; lastKnownFileType = text; path = Queries.graphql; sourceTree = "<group>"; };
		6B6C07142A11EBBD008C12D5 /* schema.json */ = {isa = PBXFileReference; fileEncoding = 4; lastKnownFileType = text.json; path = schema.json; sourceTree = "<group>"; };
		6B6C07232A1201E6008C12D5 /* TG.graphql.swift */ = {isa = PBXFileReference; fileEncoding = 4; lastKnownFileType = sourcecode.swift; path = TG.graphql.swift; sourceTree = "<group>"; };
		6B6C07362A12E591008C12D5 /* NetworkManager.swift */ = {isa = PBXFileReference; lastKnownFileType = sourcecode.swift; path = NetworkManager.swift; sourceTree = "<group>"; };
		6B6C074B2A1705BB008C12D5 /* NBAViewController.swift */ = {isa = PBXFileReference; lastKnownFileType = sourcecode.swift; path = NBAViewController.swift; sourceTree = "<group>"; };
		6B6C074D2A1705F8008C12D5 /* WNBAViewController.swift */ = {isa = PBXFileReference; lastKnownFileType = sourcecode.swift; path = WNBAViewController.swift; sourceTree = "<group>"; };
		6B6C074F2A170617008C12D5 /* ALLTeamViewController.swift */ = {isa = PBXFileReference; lastKnownFileType = sourcecode.swift; path = ALLTeamViewController.swift; sourceTree = "<group>"; };
		6B6C07522A170ABF008C12D5 /* ViewControllerViewModel.swift */ = {isa = PBXFileReference; lastKnownFileType = sourcecode.swift; path = ViewControllerViewModel.swift; sourceTree = "<group>"; };
		6B6C07562A170EB9008C12D5 /* DataModels.swift */ = {isa = PBXFileReference; lastKnownFileType = sourcecode.swift; path = DataModels.swift; sourceTree = "<group>"; };
		6B6C075A2A17D40A008C12D5 /* TableViewCell.swift */ = {isa = PBXFileReference; lastKnownFileType = sourcecode.swift; path = TableViewCell.swift; sourceTree = "<group>"; };
		6B6C075C2A1FC9D6008C12D5 /* SchemaConfiguration.swift */ = {isa = PBXFileReference; fileEncoding = 4; lastKnownFileType = sourcecode.swift; path = SchemaConfiguration.swift; sourceTree = "<group>"; };
		6BF45BC323EF4C524A6E269C /* Pods_TG.framework */ = {isa = PBXFileReference; explicitFileType = wrapper.framework; includeInIndex = 0; path = Pods_TG.framework; sourceTree = BUILT_PRODUCTS_DIR; };
		7237E6B7597B98B2245C6C88 /* Pods-TG.debug.xcconfig */ = {isa = PBXFileReference; includeInIndex = 1; lastKnownFileType = text.xcconfig; name = "Pods-TG.debug.xcconfig"; path = "Target Support Files/Pods-TG/Pods-TG.debug.xcconfig"; sourceTree = "<group>"; };
		898BEF0E0A9904EADA10B465 /* Pods-TG-TGUITests.release.xcconfig */ = {isa = PBXFileReference; includeInIndex = 1; lastKnownFileType = text.xcconfig; name = "Pods-TG-TGUITests.release.xcconfig"; path = "Target Support Files/Pods-TG-TGUITests/Pods-TG-TGUITests.release.xcconfig"; sourceTree = "<group>"; };
		8DA164E4A72E586AD2060293 /* Pods-TG.release.xcconfig */ = {isa = PBXFileReference; includeInIndex = 1; lastKnownFileType = text.xcconfig; name = "Pods-TG.release.xcconfig"; path = "Target Support Files/Pods-TG/Pods-TG.release.xcconfig"; sourceTree = "<group>"; };
		FB456D8A1A2E5BBC07FAE134 /* Pods-TGTests.release.xcconfig */ = {isa = PBXFileReference; includeInIndex = 1; lastKnownFileType = text.xcconfig; name = "Pods-TGTests.release.xcconfig"; path = "Target Support Files/Pods-TGTests/Pods-TGTests.release.xcconfig"; sourceTree = "<group>"; };
		FCD931CD1E86BC6C2565BA1F /* Pods_TGTests.framework */ = {isa = PBXFileReference; explicitFileType = wrapper.framework; includeInIndex = 0; path = Pods_TGTests.framework; sourceTree = BUILT_PRODUCTS_DIR; };
/* End PBXFileReference section */

/* Begin PBXFrameworksBuildPhase section */
		6B6C06D82A11E50A008C12D5 /* Frameworks */ = {
			isa = PBXFrameworksBuildPhase;
			buildActionMask = 2147483647;
			files = (
				6B6C07252A120260008C12D5 /* Pods_TG.framework in Frameworks */,
			);
			runOnlyForDeploymentPostprocessing = 0;
		};
		6B6C06F12A11E50C008C12D5 /* Frameworks */ = {
			isa = PBXFrameworksBuildPhase;
			buildActionMask = 2147483647;
			files = (
				A799CDC83B5DE7810BB6C5E4 /* Pods_TGTests.framework in Frameworks */,
			);
			runOnlyForDeploymentPostprocessing = 0;
		};
		6B6C06FB2A11E50C008C12D5 /* Frameworks */ = {
			isa = PBXFrameworksBuildPhase;
			buildActionMask = 2147483647;
			files = (
				4C2A6B0BD347C4A471CFDDF3 /* Pods_TG_TGUITests.framework in Frameworks */,
			);
			runOnlyForDeploymentPostprocessing = 0;
		};
/* End PBXFrameworksBuildPhase section */

/* Begin PBXGroup section */
		6B6C06D22A11E50A008C12D5 = {
			isa = PBXGroup;
			children = (
				6B6C06DD2A11E50A008C12D5 /* TG */,
				6B6C06F72A11E50C008C12D5 /* TGTests */,
				6B6C07012A11E50C008C12D5 /* TGUITests */,
				6B6C06DC2A11E50A008C12D5 /* Products */,
				7D59EAD0754FB6AFA7E14F8D /* Pods */,
				932BB2E683AF4ACACBDA423B /* Frameworks */,
			);
			sourceTree = "<group>";
		};
		6B6C06DC2A11E50A008C12D5 /* Products */ = {
			isa = PBXGroup;
			children = (
				6B6C06DB2A11E50A008C12D5 /* TG.app */,
				6B6C06F42A11E50C008C12D5 /* TGTests.xctest */,
				6B6C06FE2A11E50C008C12D5 /* TGUITests.xctest */,
			);
			name = Products;
			sourceTree = "<group>";
		};
		6B6C06DD2A11E50A008C12D5 /* TG */ = {
			isa = PBXGroup;
			children = (
				6B6C07582A17C045008C12D5 /* App */,
				6B6C071A2A11FB75008C12D5 /* Autogen */,
				6B6C07112A11E885008C12D5 /* GraphQL */,
				6B6C07552A170EA6008C12D5 /* DataModels */,
				6B6C07512A1709E1008C12D5 /* ViewModels */,
				6B6C074A2A170589008C12D5 /* UI */,
				6B6C07542A170E86008C12D5 /* BusinessLogic */,
				6B6C06E42A11E50A008C12D5 /* Main.storyboard */,
				6B6C06EA2A11E50C008C12D5 /* Assets.xcassets */,
				6B6C06EC2A11E50C008C12D5 /* LaunchScreen.storyboard */,
				6B6C06EF2A11E50C008C12D5 /* Info.plist */,
				6B6C06E72A11E50A008C12D5 /* TG.xcdatamodeld */,
			);
			path = TG;
			sourceTree = "<group>";
		};
		6B6C06F72A11E50C008C12D5 /* TGTests */ = {
			isa = PBXGroup;
			children = (
				6B6C06F82A11E50C008C12D5 /* TGTests.swift */,
			);
			path = TGTests;
			sourceTree = "<group>";
		};
		6B6C07012A11E50C008C12D5 /* TGUITests */ = {
			isa = PBXGroup;
			children = (
				6B6C07022A11E50C008C12D5 /* TGUITests.swift */,
				6B6C07042A11E50C008C12D5 /* TGUITestsLaunchTests.swift */,
			);
			path = TGUITests;
			sourceTree = "<group>";
		};
		6B6C07112A11E885008C12D5 /* GraphQL */ = {
			isa = PBXGroup;
			children = (
				6B6C07122A11E8B6008C12D5 /* Queries.graphql */,
				6B6C07142A11EBBD008C12D5 /* schema.json */,
			);
			path = GraphQL;
			sourceTree = "<group>";
		};
		6B6C071A2A11FB75008C12D5 /* Autogen */ = {
			isa = PBXGroup;
			children = (
			);
			name = Autogen;
			sourceTree = "<group>";
		};
		6B6C074A2A170589008C12D5 /* UI */ = {
			isa = PBXGroup;
			children = (
				6B6C07592A17D3F2008C12D5 /* Cell */,
				6B6C06E22A11E50A008C12D5 /* ViewController.swift */,
				6B6C074B2A1705BB008C12D5 /* NBAViewController.swift */,
				6B6C074D2A1705F8008C12D5 /* WNBAViewController.swift */,
				6B6C074F2A170617008C12D5 /* ALLTeamViewController.swift */,
				6B3993CC2A798B58002A8093 /* SearchMintedMomentsViewController.swift */,
			);
			path = UI;
			sourceTree = "<group>";
		};
		6B6C07512A1709E1008C12D5 /* ViewModels */ = {
			isa = PBXGroup;
			children = (
				6B6C07522A170ABF008C12D5 /* ViewControllerViewModel.swift */,
			);
			path = ViewModels;
			sourceTree = "<group>";
		};
		6B6C07542A170E86008C12D5 /* BusinessLogic */ = {
			isa = PBXGroup;
			children = (
				6B6C07362A12E591008C12D5 /* NetworkManager.swift */,
			);
			path = BusinessLogic;
			sourceTree = "<group>";
		};
		6B6C07552A170EA6008C12D5 /* DataModels */ = {
			isa = PBXGroup;
			children = (
				6B6C07562A170EB9008C12D5 /* DataModels.swift */,
			);
			path = DataModels;
			sourceTree = "<group>";
		};
		6B6C07582A17C045008C12D5 /* App */ = {
			isa = PBXGroup;
			children = (
				6B3993BD2A798A12002A8093 /* Cursor.swift */,
				6B3993C22A798A50002A8093 /* SchemaMetadata.graphql.swift */,
				6B3993C62A798A81002A8093 /* AllTeamsByLeaguesQuery.graphql.swift */,
				6B3993C52A798A81002A8093 /* AllTeamsQuery.graphql.swift */,
				6B3993C42A798A81002A8093 /* SearchMintedMomentsQuery.graphql.swift */,
				6B3993BE2A798A12002A8093 /* Price.swift */,
				6B3993BC2A798A12002A8093 /* Time.swift */,
				6B3993B02A798A06002A8093 /* CursorDirection.graphql.swift */,
				6B3993B12A798A06002A8093 /* ForSaleFilter.graphql.swift */,
				6B3993B32A798A06002A8093 /* League.graphql.swift */,
				6B3993AD2A798A06002A8093 /* LockStatusFilter.graphql.swift */,
				6B3993AC2A798A06002A8093 /* MintedMomentSortType.graphql.swift */,
				6B3993AE2A798A06002A8093 /* MomentTier.graphql.swift */,
				6B3993B22A798A06002A8093 /* PlayerPosition.graphql.swift */,
				6B3993AF2A798A06002A8093 /* VisualIdType.graphql.swift */,
				6B3993982A7989FA002A8093 /* AllTeamsByLeaguesInput.graphql.swift */,
				6B39939A2A7989FA002A8093 /* BaseSearchInput.graphql.swift */,
				6B39939C2A7989FA002A8093 /* DateRangeFilterInput.graphql.swift */,
				6B39939F2A7989FA002A8093 /* EditionsFilterInput.graphql.swift */,
				6B3993992A7989FA002A8093 /* IntegerRangeFilterInput.graphql.swift */,
				6B39939D2A7989FA002A8093 /* MintedMomentFilterInput.graphql.swift */,
				6B3993A02A7989FA002A8093 /* PaginationInput.graphql.swift */,
				6B39939E2A7989FA002A8093 /* PlayerGameScoresFiltersInput.graphql.swift */,
				6B3993A12A7989FA002A8093 /* PriceRangeFilterInput.graphql.swift */,
				6B39939B2A7989FA002A8093 /* SearchMintedMomentsInput.graphql.swift */,
				6B6C075C2A1FC9D6008C12D5 /* SchemaConfiguration.swift */,
				6B3993902A7989ED002A8093 /* MintedMomentSearchSummary.graphql.swift */,
				6B39938E2A7989ED002A8093 /* Query.graphql.swift */,
				6B3993912A7989ED002A8093 /* SearchMintedMomentsResponse.graphql.swift */,
				6B39938D2A7989ED002A8093 /* SearchSummary.graphql.swift */,
				6B39938F2A7989ED002A8093 /* Team.graphql.swift */,
				6B39938C2A7989ED002A8093 /* Teams.graphql.swift */,
				6B6C07232A1201E6008C12D5 /* TG.graphql.swift */,
				6B6C06DE2A11E50A008C12D5 /* AppDelegate.swift */,
				6B6C06E02A11E50A008C12D5 /* SceneDelegate.swift */,
			);
			name = App;
			sourceTree = "<group>";
		};
		6B6C07592A17D3F2008C12D5 /* Cell */ = {
			isa = PBXGroup;
			children = (
				6B6C075A2A17D40A008C12D5 /* TableViewCell.swift */,
			);
			path = Cell;
			sourceTree = "<group>";
		};
		7D59EAD0754FB6AFA7E14F8D /* Pods */ = {
			isa = PBXGroup;
			children = (
				7237E6B7597B98B2245C6C88 /* Pods-TG.debug.xcconfig */,
				8DA164E4A72E586AD2060293 /* Pods-TG.release.xcconfig */,
				5C24330048293DA0F22DE791 /* Pods-TG-TGUITests.debug.xcconfig */,
				898BEF0E0A9904EADA10B465 /* Pods-TG-TGUITests.release.xcconfig */,
				6198EC708410B17317F2312B /* Pods-TGTests.debug.xcconfig */,
				FB456D8A1A2E5BBC07FAE134 /* Pods-TGTests.release.xcconfig */,
			);
			path = Pods;
			sourceTree = "<group>";
		};
		932BB2E683AF4ACACBDA423B /* Frameworks */ = {
			isa = PBXGroup;
			children = (
				6BF45BC323EF4C524A6E269C /* Pods_TG.framework */,
				2B03AA2BE5C8B7F9F25C76A0 /* Pods_TG_TGUITests.framework */,
				FCD931CD1E86BC6C2565BA1F /* Pods_TGTests.framework */,
			);
			name = Frameworks;
			sourceTree = "<group>";
		};
/* End PBXGroup section */

/* Begin PBXNativeTarget section */
		6B6C06DA2A11E50A008C12D5 /* TG */ = {
			isa = PBXNativeTarget;
			buildConfigurationList = 6B6C07082A11E50C008C12D5 /* Build configuration list for PBXNativeTarget "TG" */;
			buildPhases = (
				D944B9441379AA63844638A7 /* [CP] Check Pods Manifest.lock */,
				6B6C06D72A11E50A008C12D5 /* Sources */,
				6B6C06D82A11E50A008C12D5 /* Frameworks */,
				6B6C06D92A11E50A008C12D5 /* Resources */,
				1909284AB6DC443C78D1A1A8 /* [CP] Embed Pods Frameworks */,
			);
			buildRules = (
			);
			dependencies = (
			);
			name = TG;
			productName = TG;
			productReference = 6B6C06DB2A11E50A008C12D5 /* TG.app */;
			productType = "com.apple.product-type.application";
		};
		6B6C06F32A11E50C008C12D5 /* TGTests */ = {
			isa = PBXNativeTarget;
			buildConfigurationList = 6B6C070B2A11E50C008C12D5 /* Build configuration list for PBXNativeTarget "TGTests" */;
			buildPhases = (
				A3FD98DD2B0555FEA0EC9A36 /* [CP] Check Pods Manifest.lock */,
				6B6C06F02A11E50C008C12D5 /* Sources */,
				6B6C06F12A11E50C008C12D5 /* Frameworks */,
				6B6C06F22A11E50C008C12D5 /* Resources */,
			);
			buildRules = (
			);
			dependencies = (
				6B6C06F62A11E50C008C12D5 /* PBXTargetDependency */,
			);
			name = TGTests;
			productName = TGTests;
			productReference = 6B6C06F42A11E50C008C12D5 /* TGTests.xctest */;
			productType = "com.apple.product-type.bundle.unit-test";
		};
		6B6C06FD2A11E50C008C12D5 /* TGUITests */ = {
			isa = PBXNativeTarget;
			buildConfigurationList = 6B6C070E2A11E50C008C12D5 /* Build configuration list for PBXNativeTarget "TGUITests" */;
			buildPhases = (
				BF02E69ADC89C63AAD945DF8 /* [CP] Check Pods Manifest.lock */,
				6B6C06FA2A11E50C008C12D5 /* Sources */,
				6B6C06FB2A11E50C008C12D5 /* Frameworks */,
				6B6C06FC2A11E50C008C12D5 /* Resources */,
				D3113B98B152AAA172544E2B /* [CP] Embed Pods Frameworks */,
			);
			buildRules = (
			);
			dependencies = (
				6B6C07002A11E50C008C12D5 /* PBXTargetDependency */,
			);
			name = TGUITests;
			productName = TGUITests;
			productReference = 6B6C06FE2A11E50C008C12D5 /* TGUITests.xctest */;
			productType = "com.apple.product-type.bundle.ui-testing";
		};
/* End PBXNativeTarget section */

/* Begin PBXProject section */
		6B6C06D32A11E50A008C12D5 /* Project object */ = {
			isa = PBXProject;
			attributes = {
				BuildIndependentTargetsInParallel = 1;
				LastSwiftUpdateCheck = 1410;
				LastUpgradeCheck = 1410;
				TargetAttributes = {
					6B6C06DA2A11E50A008C12D5 = {
						CreatedOnToolsVersion = 14.1;
					};
					6B6C06F32A11E50C008C12D5 = {
						CreatedOnToolsVersion = 14.1;
						TestTargetID = 6B6C06DA2A11E50A008C12D5;
					};
					6B6C06FD2A11E50C008C12D5 = {
						CreatedOnToolsVersion = 14.1;
						TestTargetID = 6B6C06DA2A11E50A008C12D5;
					};
				};
			};
			buildConfigurationList = 6B6C06D62A11E50A008C12D5 /* Build configuration list for PBXProject "TG" */;
			compatibilityVersion = "Xcode 14.0";
			developmentRegion = en;
			hasScannedForEncodings = 0;
			knownRegions = (
				en,
				Base,
			);
			mainGroup = 6B6C06D22A11E50A008C12D5;
			productRefGroup = 6B6C06DC2A11E50A008C12D5 /* Products */;
			projectDirPath = "";
			projectRoot = "";
			targets = (
				6B6C06DA2A11E50A008C12D5 /* TG */,
				6B6C06F32A11E50C008C12D5 /* TGTests */,
				6B6C06FD2A11E50C008C12D5 /* TGUITests */,
			);
		};
/* End PBXProject section */

/* Begin PBXResourcesBuildPhase section */
		6B6C06D92A11E50A008C12D5 /* Resources */ = {
			isa = PBXResourcesBuildPhase;
			buildActionMask = 2147483647;
			files = (
				6B6C07152A11EBBE008C12D5 /* schema.json in Resources */,
				6B6C06EE2A11E50C008C12D5 /* LaunchScreen.storyboard in Resources */,
				6B6C06EB2A11E50C008C12D5 /* Assets.xcassets in Resources */,
				6B6C06E62A11E50A008C12D5 /* Main.storyboard in Resources */,
			);
			runOnlyForDeploymentPostprocessing = 0;
		};
		6B6C06F22A11E50C008C12D5 /* Resources */ = {
			isa = PBXResourcesBuildPhase;
			buildActionMask = 2147483647;
			files = (
			);
			runOnlyForDeploymentPostprocessing = 0;
		};
		6B6C06FC2A11E50C008C12D5 /* Resources */ = {
			isa = PBXResourcesBuildPhase;
			buildActionMask = 2147483647;
			files = (
			);
			runOnlyForDeploymentPostprocessing = 0;
		};
/* End PBXResourcesBuildPhase section */

/* Begin PBXShellScriptBuildPhase section */
		1909284AB6DC443C78D1A1A8 /* [CP] Embed Pods Frameworks */ = {
			isa = PBXShellScriptBuildPhase;
			buildActionMask = 2147483647;
			files = (
			);
			inputFileListPaths = (
				"${PODS_ROOT}/Target Support Files/Pods-TG/Pods-TG-frameworks-${CONFIGURATION}-input-files.xcfilelist",
			);
			name = "[CP] Embed Pods Frameworks";
			outputFileListPaths = (
				"${PODS_ROOT}/Target Support Files/Pods-TG/Pods-TG-frameworks-${CONFIGURATION}-output-files.xcfilelist",
			);
			runOnlyForDeploymentPostprocessing = 0;
			shellPath = /bin/sh;
			shellScript = "\"${PODS_ROOT}/Target Support Files/Pods-TG/Pods-TG-frameworks.sh\"\n";
			showEnvVarsInLog = 0;
		};
		A3FD98DD2B0555FEA0EC9A36 /* [CP] Check Pods Manifest.lock */ = {
			isa = PBXShellScriptBuildPhase;
			buildActionMask = 2147483647;
			files = (
			);
			inputFileListPaths = (
			);
			inputPaths = (
				"${PODS_PODFILE_DIR_PATH}/Podfile.lock",
				"${PODS_ROOT}/Manifest.lock",
			);
			name = "[CP] Check Pods Manifest.lock";
			outputFileListPaths = (
			);
			outputPaths = (
				"$(DERIVED_FILE_DIR)/Pods-TGTests-checkManifestLockResult.txt",
			);
			runOnlyForDeploymentPostprocessing = 0;
			shellPath = /bin/sh;
			shellScript = "diff \"${PODS_PODFILE_DIR_PATH}/Podfile.lock\" \"${PODS_ROOT}/Manifest.lock\" > /dev/null\nif [ $? != 0 ] ; then\n    # print error to STDERR\n    echo \"error: The sandbox is not in sync with the Podfile.lock. Run 'pod install' or update your CocoaPods installation.\" >&2\n    exit 1\nfi\n# This output is used by Xcode 'outputs' to avoid re-running this script phase.\necho \"SUCCESS\" > \"${SCRIPT_OUTPUT_FILE_0}\"\n";
			showEnvVarsInLog = 0;
		};
		BF02E69ADC89C63AAD945DF8 /* [CP] Check Pods Manifest.lock */ = {
			isa = PBXShellScriptBuildPhase;
			buildActionMask = 2147483647;
			files = (
			);
			inputFileListPaths = (
			);
			inputPaths = (
				"${PODS_PODFILE_DIR_PATH}/Podfile.lock",
				"${PODS_ROOT}/Manifest.lock",
			);
			name = "[CP] Check Pods Manifest.lock";
			outputFileListPaths = (
			);
			outputPaths = (
				"$(DERIVED_FILE_DIR)/Pods-TG-TGUITests-checkManifestLockResult.txt",
			);
			runOnlyForDeploymentPostprocessing = 0;
			shellPath = /bin/sh;
			shellScript = "diff \"${PODS_PODFILE_DIR_PATH}/Podfile.lock\" \"${PODS_ROOT}/Manifest.lock\" > /dev/null\nif [ $? != 0 ] ; then\n    # print error to STDERR\n    echo \"error: The sandbox is not in sync with the Podfile.lock. Run 'pod install' or update your CocoaPods installation.\" >&2\n    exit 1\nfi\n# This output is used by Xcode 'outputs' to avoid re-running this script phase.\necho \"SUCCESS\" > \"${SCRIPT_OUTPUT_FILE_0}\"\n";
			showEnvVarsInLog = 0;
		};
		D3113B98B152AAA172544E2B /* [CP] Embed Pods Frameworks */ = {
			isa = PBXShellScriptBuildPhase;
			buildActionMask = 2147483647;
			files = (
			);
			inputFileListPaths = (
				"${PODS_ROOT}/Target Support Files/Pods-TG-TGUITests/Pods-TG-TGUITests-frameworks-${CONFIGURATION}-input-files.xcfilelist",
			);
			name = "[CP] Embed Pods Frameworks";
			outputFileListPaths = (
				"${PODS_ROOT}/Target Support Files/Pods-TG-TGUITests/Pods-TG-TGUITests-frameworks-${CONFIGURATION}-output-files.xcfilelist",
			);
			runOnlyForDeploymentPostprocessing = 0;
			shellPath = /bin/sh;
			shellScript = "\"${PODS_ROOT}/Target Support Files/Pods-TG-TGUITests/Pods-TG-TGUITests-frameworks.sh\"\n";
			showEnvVarsInLog = 0;
		};
		D944B9441379AA63844638A7 /* [CP] Check Pods Manifest.lock */ = {
			isa = PBXShellScriptBuildPhase;
			buildActionMask = 2147483647;
			files = (
			);
			inputFileListPaths = (
			);
			inputPaths = (
				"${PODS_PODFILE_DIR_PATH}/Podfile.lock",
				"${PODS_ROOT}/Manifest.lock",
			);
			name = "[CP] Check Pods Manifest.lock";
			outputFileListPaths = (
			);
			outputPaths = (
				"$(DERIVED_FILE_DIR)/Pods-TG-checkManifestLockResult.txt",
			);
			runOnlyForDeploymentPostprocessing = 0;
			shellPath = /bin/sh;
			shellScript = "diff \"${PODS_PODFILE_DIR_PATH}/Podfile.lock\" \"${PODS_ROOT}/Manifest.lock\" > /dev/null\nif [ $? != 0 ] ; then\n    # print error to STDERR\n    echo \"error: The sandbox is not in sync with the Podfile.lock. Run 'pod install' or update your CocoaPods installation.\" >&2\n    exit 1\nfi\n# This output is used by Xcode 'outputs' to avoid re-running this script phase.\necho \"SUCCESS\" > \"${SCRIPT_OUTPUT_FILE_0}\"\n";
			showEnvVarsInLog = 0;
		};
/* End PBXShellScriptBuildPhase section */

/* Begin PBXSourcesBuildPhase section */
		6B6C06D72A11E50A008C12D5 /* Sources */ = {
			isa = PBXSourcesBuildPhase;
			buildActionMask = 2147483647;
			files = (
				6B3993A62A7989FA002A8093 /* DateRangeFilterInput.graphql.swift in Sources */,
				6B6C07132A11E8B6008C12D5 /* Queries.graphql in Sources */,
				6B6C06E32A11E50A008C12D5 /* ViewController.swift in Sources */,
				6B3993972A7989ED002A8093 /* SearchMintedMomentsResponse.graphql.swift in Sources */,
				6B6C06DF2A11E50A008C12D5 /* AppDelegate.swift in Sources */,
				6B3993C02A798A12002A8093 /* Cursor.swift in Sources */,
				6B3993C92A798A81002A8093 /* AllTeamsByLeaguesQuery.graphql.swift in Sources */,
				6B6C074E2A1705F8008C12D5 /* WNBAViewController.swift in Sources */,
				6B3993BF2A798A12002A8093 /* Time.swift in Sources */,
				6B3993C12A798A12002A8093 /* Price.swift in Sources */,
				6B3993A72A7989FA002A8093 /* MintedMomentFilterInput.graphql.swift in Sources */,
				6B3993B62A798A06002A8093 /* MomentTier.graphql.swift in Sources */,
				6B6C07532A170ABF008C12D5 /* ViewControllerViewModel.swift in Sources */,
				6B3993942A7989ED002A8093 /* Query.graphql.swift in Sources */,
				6B3993B52A798A06002A8093 /* LockStatusFilter.graphql.swift in Sources */,
				6B6C07372A12E591008C12D5 /* NetworkManager.swift in Sources */,
				6B6C07502A170617008C12D5 /* ALLTeamViewController.swift in Sources */,
				6B3993C32A798A50002A8093 /* SchemaMetadata.graphql.swift in Sources */,
				6B3993932A7989ED002A8093 /* SearchSummary.graphql.swift in Sources */,
				6B3993A32A7989FA002A8093 /* IntegerRangeFilterInput.graphql.swift in Sources */,
				6B3993AA2A7989FA002A8093 /* PaginationInput.graphql.swift in Sources */,
				6B3993952A7989ED002A8093 /* Team.graphql.swift in Sources */,
				6B6C07242A1201E6008C12D5 /* TG.graphql.swift in Sources */,
				6B6C075B2A17D40A008C12D5 /* TableViewCell.swift in Sources */,
				6B3993C72A798A81002A8093 /* SearchMintedMomentsQuery.graphql.swift in Sources */,
				6B3993A82A7989FA002A8093 /* PlayerGameScoresFiltersInput.graphql.swift in Sources */,
				6B3993A22A7989FA002A8093 /* AllTeamsByLeaguesInput.graphql.swift in Sources */,
				6B3993BB2A798A06002A8093 /* League.graphql.swift in Sources */,
				6B3993B92A798A06002A8093 /* ForSaleFilter.graphql.swift in Sources */,
				6B3993C82A798A81002A8093 /* AllTeamsQuery.graphql.swift in Sources */,
				6B6C06E92A11E50A008C12D5 /* TG.xcdatamodeld in Sources */,
				6B3993A52A7989FA002A8093 /* SearchMintedMomentsInput.graphql.swift in Sources */,
				6B3993CD2A798B58002A8093 /* SearchMintedMomentsViewController.swift in Sources */,
				6B6C07572A170EB9008C12D5 /* DataModels.swift in Sources */,
				6B6C074C2A1705BC008C12D5 /* NBAViewController.swift in Sources */,
				6B3993A92A7989FA002A8093 /* EditionsFilterInput.graphql.swift in Sources */,
				6B3993962A7989ED002A8093 /* MintedMomentSearchSummary.graphql.swift in Sources */,
				6B6C06E12A11E50A008C12D5 /* SceneDelegate.swift in Sources */,
				6B3993B42A798A06002A8093 /* MintedMomentSortType.graphql.swift in Sources */,
				6B3993BA2A798A06002A8093 /* PlayerPosition.graphql.swift in Sources */,
				6B6C075D2A1FC9D6008C12D5 /* SchemaConfiguration.swift in Sources */,
				6B3993AB2A7989FA002A8093 /* PriceRangeFilterInput.graphql.swift in Sources */,
				6B3993A42A7989FA002A8093 /* BaseSearchInput.graphql.swift in Sources */,
				6B3993922A7989ED002A8093 /* Teams.graphql.swift in Sources */,
				6B3993B82A798A06002A8093 /* CursorDirection.graphql.swift in Sources */,
				6B3993B72A798A06002A8093 /* VisualIdType.graphql.swift in Sources */,
			);
			runOnlyForDeploymentPostprocessing = 0;
		};
		6B6C06F02A11E50C008C12D5 /* Sources */ = {
			isa = PBXSourcesBuildPhase;
			buildActionMask = 2147483647;
			files = (
				6B6C06F92A11E50C008C12D5 /* TGTests.swift in Sources */,
			);
			runOnlyForDeploymentPostprocessing = 0;
		};
		6B6C06FA2A11E50C008C12D5 /* Sources */ = {
			isa = PBXSourcesBuildPhase;
			buildActionMask = 2147483647;
			files = (
				6B6C07032A11E50C008C12D5 /* TGUITests.swift in Sources */,
				6B6C07052A11E50C008C12D5 /* TGUITestsLaunchTests.swift in Sources */,
			);
			runOnlyForDeploymentPostprocessing = 0;
		};
/* End PBXSourcesBuildPhase section */

/* Begin PBXTargetDependency section */
		6B6C06F62A11E50C008C12D5 /* PBXTargetDependency */ = {
			isa = PBXTargetDependency;
			target = 6B6C06DA2A11E50A008C12D5 /* TG */;
			targetProxy = 6B6C06F52A11E50C008C12D5 /* PBXContainerItemProxy */;
		};
		6B6C07002A11E50C008C12D5 /* PBXTargetDependency */ = {
			isa = PBXTargetDependency;
			target = 6B6C06DA2A11E50A008C12D5 /* TG */;
			targetProxy = 6B6C06FF2A11E50C008C12D5 /* PBXContainerItemProxy */;
		};
/* End PBXTargetDependency section */

/* Begin PBXVariantGroup section */
		6B6C06E42A11E50A008C12D5 /* Main.storyboard */ = {
			isa = PBXVariantGroup;
			children = (
				6B6C06E52A11E50A008C12D5 /* Base */,
			);
			name = Main.storyboard;
			sourceTree = "<group>";
		};
		6B6C06EC2A11E50C008C12D5 /* LaunchScreen.storyboard */ = {
			isa = PBXVariantGroup;
			children = (
				6B6C06ED2A11E50C008C12D5 /* Base */,
			);
			name = LaunchScreen.storyboard;
			sourceTree = "<group>";
		};
/* End PBXVariantGroup section */

/* Begin XCBuildConfiguration section */
		6B6C07062A11E50C008C12D5 /* Debug */ = {
			isa = XCBuildConfiguration;
			buildSettings = {
				ALWAYS_SEARCH_USER_PATHS = NO;
				CLANG_ANALYZER_NONNULL = YES;
				CLANG_ANALYZER_NUMBER_OBJECT_CONVERSION = YES_AGGRESSIVE;
				CLANG_CXX_LANGUAGE_STANDARD = "gnu++20";
				CLANG_ENABLE_MODULES = YES;
				CLANG_ENABLE_OBJC_ARC = YES;
				CLANG_ENABLE_OBJC_WEAK = YES;
				CLANG_WARN_BLOCK_CAPTURE_AUTORELEASING = YES;
				CLANG_WARN_BOOL_CONVERSION = YES;
				CLANG_WARN_COMMA = YES;
				CLANG_WARN_CONSTANT_CONVERSION = YES;
				CLANG_WARN_DEPRECATED_OBJC_IMPLEMENTATIONS = YES;
				CLANG_WARN_DIRECT_OBJC_ISA_USAGE = YES_ERROR;
				CLANG_WARN_DOCUMENTATION_COMMENTS = YES;
				CLANG_WARN_EMPTY_BODY = YES;
				CLANG_WARN_ENUM_CONVERSION = YES;
				CLANG_WARN_INFINITE_RECURSION = YES;
				CLANG_WARN_INT_CONVERSION = YES;
				CLANG_WARN_NON_LITERAL_NULL_CONVERSION = YES;
				CLANG_WARN_OBJC_IMPLICIT_RETAIN_SELF = YES;
				CLANG_WARN_OBJC_LITERAL_CONVERSION = YES;
				CLANG_WARN_OBJC_ROOT_CLASS = YES_ERROR;
				CLANG_WARN_QUOTED_INCLUDE_IN_FRAMEWORK_HEADER = YES;
				CLANG_WARN_RANGE_LOOP_ANALYSIS = YES;
				CLANG_WARN_STRICT_PROTOTYPES = YES;
				CLANG_WARN_SUSPICIOUS_MOVE = YES;
				CLANG_WARN_UNGUARDED_AVAILABILITY = YES_AGGRESSIVE;
				CLANG_WARN_UNREACHABLE_CODE = YES;
				CLANG_WARN__DUPLICATE_METHOD_MATCH = YES;
				COPY_PHASE_STRIP = NO;
				DEBUG_INFORMATION_FORMAT = dwarf;
				ENABLE_STRICT_OBJC_MSGSEND = YES;
				ENABLE_TESTABILITY = YES;
				GCC_C_LANGUAGE_STANDARD = gnu11;
				GCC_DYNAMIC_NO_PIC = NO;
				GCC_NO_COMMON_BLOCKS = YES;
				GCC_OPTIMIZATION_LEVEL = 0;
				GCC_PREPROCESSOR_DEFINITIONS = (
					"DEBUG=1",
					"$(inherited)",
				);
				GCC_WARN_64_TO_32_BIT_CONVERSION = YES;
				GCC_WARN_ABOUT_RETURN_TYPE = YES_ERROR;
				GCC_WARN_UNDECLARED_SELECTOR = YES;
				GCC_WARN_UNINITIALIZED_AUTOS = YES_AGGRESSIVE;
				GCC_WARN_UNUSED_FUNCTION = YES;
				GCC_WARN_UNUSED_VARIABLE = YES;
				IPHONEOS_DEPLOYMENT_TARGET = 16.1;
				MTL_ENABLE_DEBUG_INFO = INCLUDE_SOURCE;
				MTL_FAST_MATH = YES;
				ONLY_ACTIVE_ARCH = YES;
				SDKROOT = iphoneos;
				SWIFT_ACTIVE_COMPILATION_CONDITIONS = DEBUG;
				SWIFT_OPTIMIZATION_LEVEL = "-Onone";
			};
			name = Debug;
		};
		6B6C07072A11E50C008C12D5 /* Release */ = {
			isa = XCBuildConfiguration;
			buildSettings = {
				ALWAYS_SEARCH_USER_PATHS = NO;
				CLANG_ANALYZER_NONNULL = YES;
				CLANG_ANALYZER_NUMBER_OBJECT_CONVERSION = YES_AGGRESSIVE;
				CLANG_CXX_LANGUAGE_STANDARD = "gnu++20";
				CLANG_ENABLE_MODULES = YES;
				CLANG_ENABLE_OBJC_ARC = YES;
				CLANG_ENABLE_OBJC_WEAK = YES;
				CLANG_WARN_BLOCK_CAPTURE_AUTORELEASING = YES;
				CLANG_WARN_BOOL_CONVERSION = YES;
				CLANG_WARN_COMMA = YES;
				CLANG_WARN_CONSTANT_CONVERSION = YES;
				CLANG_WARN_DEPRECATED_OBJC_IMPLEMENTATIONS = YES;
				CLANG_WARN_DIRECT_OBJC_ISA_USAGE = YES_ERROR;
				CLANG_WARN_DOCUMENTATION_COMMENTS = YES;
				CLANG_WARN_EMPTY_BODY = YES;
				CLANG_WARN_ENUM_CONVERSION = YES;
				CLANG_WARN_INFINITE_RECURSION = YES;
				CLANG_WARN_INT_CONVERSION = YES;
				CLANG_WARN_NON_LITERAL_NULL_CONVERSION = YES;
				CLANG_WARN_OBJC_IMPLICIT_RETAIN_SELF = YES;
				CLANG_WARN_OBJC_LITERAL_CONVERSION = YES;
				CLANG_WARN_OBJC_ROOT_CLASS = YES_ERROR;
				CLANG_WARN_QUOTED_INCLUDE_IN_FRAMEWORK_HEADER = YES;
				CLANG_WARN_RANGE_LOOP_ANALYSIS = YES;
				CLANG_WARN_STRICT_PROTOTYPES = YES;
				CLANG_WARN_SUSPICIOUS_MOVE = YES;
				CLANG_WARN_UNGUARDED_AVAILABILITY = YES_AGGRESSIVE;
				CLANG_WARN_UNREACHABLE_CODE = YES;
				CLANG_WARN__DUPLICATE_METHOD_MATCH = YES;
				COPY_PHASE_STRIP = NO;
				DEBUG_INFORMATION_FORMAT = "dwarf-with-dsym";
				ENABLE_NS_ASSERTIONS = NO;
				ENABLE_STRICT_OBJC_MSGSEND = YES;
				GCC_C_LANGUAGE_STANDARD = gnu11;
				GCC_NO_COMMON_BLOCKS = YES;
				GCC_WARN_64_TO_32_BIT_CONVERSION = YES;
				GCC_WARN_ABOUT_RETURN_TYPE = YES_ERROR;
				GCC_WARN_UNDECLARED_SELECTOR = YES;
				GCC_WARN_UNINITIALIZED_AUTOS = YES_AGGRESSIVE;
				GCC_WARN_UNUSED_FUNCTION = YES;
				GCC_WARN_UNUSED_VARIABLE = YES;
				IPHONEOS_DEPLOYMENT_TARGET = 16.1;
				MTL_ENABLE_DEBUG_INFO = NO;
				MTL_FAST_MATH = YES;
				SDKROOT = iphoneos;
				SWIFT_COMPILATION_MODE = wholemodule;
				SWIFT_OPTIMIZATION_LEVEL = "-O";
				VALIDATE_PRODUCT = YES;
			};
			name = Release;
		};
		6B6C07092A11E50C008C12D5 /* Debug */ = {
			isa = XCBuildConfiguration;
			baseConfigurationReference = 7237E6B7597B98B2245C6C88 /* Pods-TG.debug.xcconfig */;
			buildSettings = {
				ASSETCATALOG_COMPILER_APPICON_NAME = AppIcon;
				ASSETCATALOG_COMPILER_GLOBAL_ACCENT_COLOR_NAME = AccentColor;
				CODE_SIGN_STYLE = Automatic;
				CURRENT_PROJECT_VERSION = 1;
				DEVELOPMENT_TEAM = 6YMXJZ738L;
				GENERATE_INFOPLIST_FILE = YES;
				INFOPLIST_FILE = TG/Info.plist;
				INFOPLIST_KEY_UIApplicationSupportsIndirectInputEvents = YES;
				INFOPLIST_KEY_UILaunchStoryboardName = LaunchScreen;
				INFOPLIST_KEY_UIMainStoryboardFile = Main;
				INFOPLIST_KEY_UISupportedInterfaceOrientations_iPad = "UIInterfaceOrientationPortrait UIInterfaceOrientationPortraitUpsideDown UIInterfaceOrientationLandscapeLeft UIInterfaceOrientationLandscapeRight";
				INFOPLIST_KEY_UISupportedInterfaceOrientations_iPhone = "UIInterfaceOrientationPortrait UIInterfaceOrientationLandscapeLeft UIInterfaceOrientationLandscapeRight";
				LD_RUNPATH_SEARCH_PATHS = (
					"$(inherited)",
					"@executable_path/Frameworks",
				);
				MARKETING_VERSION = 1.0;
				PRODUCT_BUNDLE_IDENTIFIER = com.Sheldon.TG;
				PRODUCT_NAME = "$(TARGET_NAME)";
				SWIFT_EMIT_LOC_STRINGS = YES;
				SWIFT_VERSION = 5.0;
				TARGETED_DEVICE_FAMILY = "1,2";
			};
			name = Debug;
		};
		6B6C070A2A11E50C008C12D5 /* Release */ = {
			isa = XCBuildConfiguration;
			baseConfigurationReference = 8DA164E4A72E586AD2060293 /* Pods-TG.release.xcconfig */;
			buildSettings = {
				ASSETCATALOG_COMPILER_APPICON_NAME = AppIcon;
				ASSETCATALOG_COMPILER_GLOBAL_ACCENT_COLOR_NAME = AccentColor;
				CODE_SIGN_STYLE = Automatic;
				CURRENT_PROJECT_VERSION = 1;
				DEVELOPMENT_TEAM = 6YMXJZ738L;
				GENERATE_INFOPLIST_FILE = YES;
				INFOPLIST_FILE = TG/Info.plist;
				INFOPLIST_KEY_UIApplicationSupportsIndirectInputEvents = YES;
				INFOPLIST_KEY_UILaunchStoryboardName = LaunchScreen;
				INFOPLIST_KEY_UIMainStoryboardFile = Main;
				INFOPLIST_KEY_UISupportedInterfaceOrientations_iPad = "UIInterfaceOrientationPortrait UIInterfaceOrientationPortraitUpsideDown UIInterfaceOrientationLandscapeLeft UIInterfaceOrientationLandscapeRight";
				INFOPLIST_KEY_UISupportedInterfaceOrientations_iPhone = "UIInterfaceOrientationPortrait UIInterfaceOrientationLandscapeLeft UIInterfaceOrientationLandscapeRight";
				LD_RUNPATH_SEARCH_PATHS = (
					"$(inherited)",
					"@executable_path/Frameworks",
				);
				MARKETING_VERSION = 1.0;
				PRODUCT_BUNDLE_IDENTIFIER = com.Sheldon.TG;
				PRODUCT_NAME = "$(TARGET_NAME)";
				SWIFT_EMIT_LOC_STRINGS = YES;
				SWIFT_VERSION = 5.0;
				TARGETED_DEVICE_FAMILY = "1,2";
			};
			name = Release;
		};
		6B6C070C2A11E50C008C12D5 /* Debug */ = {
			isa = XCBuildConfiguration;
			baseConfigurationReference = 6198EC708410B17317F2312B /* Pods-TGTests.debug.xcconfig */;
			buildSettings = {
				ALWAYS_EMBED_SWIFT_STANDARD_LIBRARIES = YES;
				BUNDLE_LOADER = "$(TEST_HOST)";
				CODE_SIGN_STYLE = Automatic;
				CURRENT_PROJECT_VERSION = 1;
				DEVELOPMENT_TEAM = 6YMXJZ738L;
				GENERATE_INFOPLIST_FILE = YES;
				IPHONEOS_DEPLOYMENT_TARGET = 16.1;
				MARKETING_VERSION = 1.0;
				PRODUCT_BUNDLE_IDENTIFIER = com.Sheldon.TGTests;
				PRODUCT_NAME = "$(TARGET_NAME)";
				SWIFT_EMIT_LOC_STRINGS = NO;
				SWIFT_VERSION = 5.0;
				TARGETED_DEVICE_FAMILY = "1,2";
				TEST_HOST = "$(BUILT_PRODUCTS_DIR)/TG.app/$(BUNDLE_EXECUTABLE_FOLDER_PATH)/TG";
			};
			name = Debug;
		};
		6B6C070D2A11E50C008C12D5 /* Release */ = {
			isa = XCBuildConfiguration;
			baseConfigurationReference = FB456D8A1A2E5BBC07FAE134 /* Pods-TGTests.release.xcconfig */;
			buildSettings = {
				ALWAYS_EMBED_SWIFT_STANDARD_LIBRARIES = YES;
				BUNDLE_LOADER = "$(TEST_HOST)";
				CODE_SIGN_STYLE = Automatic;
				CURRENT_PROJECT_VERSION = 1;
				DEVELOPMENT_TEAM = 6YMXJZ738L;
				GENERATE_INFOPLIST_FILE = YES;
				IPHONEOS_DEPLOYMENT_TARGET = 16.1;
				MARKETING_VERSION = 1.0;
				PRODUCT_BUNDLE_IDENTIFIER = com.Sheldon.TGTests;
				PRODUCT_NAME = "$(TARGET_NAME)";
				SWIFT_EMIT_LOC_STRINGS = NO;
				SWIFT_VERSION = 5.0;
				TARGETED_DEVICE_FAMILY = "1,2";
				TEST_HOST = "$(BUILT_PRODUCTS_DIR)/TG.app/$(BUNDLE_EXECUTABLE_FOLDER_PATH)/TG";
			};
			name = Release;
		};
		6B6C070F2A11E50C008C12D5 /* Debug */ = {
			isa = XCBuildConfiguration;
			baseConfigurationReference = 5C24330048293DA0F22DE791 /* Pods-TG-TGUITests.debug.xcconfig */;
			buildSettings = {
				ALWAYS_EMBED_SWIFT_STANDARD_LIBRARIES = YES;
				CODE_SIGN_STYLE = Automatic;
				CURRENT_PROJECT_VERSION = 1;
				DEVELOPMENT_TEAM = 6YMXJZ738L;
				GENERATE_INFOPLIST_FILE = YES;
				MARKETING_VERSION = 1.0;
				PRODUCT_BUNDLE_IDENTIFIER = com.Sheldon.TGUITests;
				PRODUCT_NAME = "$(TARGET_NAME)";
				SWIFT_EMIT_LOC_STRINGS = NO;
				SWIFT_VERSION = 5.0;
				TARGETED_DEVICE_FAMILY = "1,2";
				TEST_TARGET_NAME = TG;
			};
			name = Debug;
		};
		6B6C07102A11E50C008C12D5 /* Release */ = {
			isa = XCBuildConfiguration;
			baseConfigurationReference = 898BEF0E0A9904EADA10B465 /* Pods-TG-TGUITests.release.xcconfig */;
			buildSettings = {
				ALWAYS_EMBED_SWIFT_STANDARD_LIBRARIES = YES;
				CODE_SIGN_STYLE = Automatic;
				CURRENT_PROJECT_VERSION = 1;
				DEVELOPMENT_TEAM = 6YMXJZ738L;
				GENERATE_INFOPLIST_FILE = YES;
				MARKETING_VERSION = 1.0;
				PRODUCT_BUNDLE_IDENTIFIER = com.Sheldon.TGUITests;
				PRODUCT_NAME = "$(TARGET_NAME)";
				SWIFT_EMIT_LOC_STRINGS = NO;
				SWIFT_VERSION = 5.0;
				TARGETED_DEVICE_FAMILY = "1,2";
				TEST_TARGET_NAME = TG;
			};
			name = Release;
		};
/* End XCBuildConfiguration section */

/* Begin XCConfigurationList section */
		6B6C06D62A11E50A008C12D5 /* Build configuration list for PBXProject "TG" */ = {
			isa = XCConfigurationList;
			buildConfigurations = (
				6B6C07062A11E50C008C12D5 /* Debug */,
				6B6C07072A11E50C008C12D5 /* Release */,
			);
			defaultConfigurationIsVisible = 0;
			defaultConfigurationName = Release;
		};
		6B6C07082A11E50C008C12D5 /* Build configuration list for PBXNativeTarget "TG" */ = {
			isa = XCConfigurationList;
			buildConfigurations = (
				6B6C07092A11E50C008C12D5 /* Debug */,
				6B6C070A2A11E50C008C12D5 /* Release */,
			);
			defaultConfigurationIsVisible = 0;
			defaultConfigurationName = Release;
		};
		6B6C070B2A11E50C008C12D5 /* Build configuration list for PBXNativeTarget "TGTests" */ = {
			isa = XCConfigurationList;
			buildConfigurations = (
				6B6C070C2A11E50C008C12D5 /* Debug */,
				6B6C070D2A11E50C008C12D5 /* Release */,
			);
			defaultConfigurationIsVisible = 0;
			defaultConfigurationName = Release;
		};
		6B6C070E2A11E50C008C12D5 /* Build configuration list for PBXNativeTarget "TGUITests" */ = {
			isa = XCConfigurationList;
			buildConfigurations = (
				6B6C070F2A11E50C008C12D5 /* Debug */,
				6B6C07102A11E50C008C12D5 /* Release */,
			);
			defaultConfigurationIsVisible = 0;
			defaultConfigurationName = Release;
		};
/* End XCConfigurationList section */

/* Begin XCVersionGroup section */
		6B6C06E72A11E50A008C12D5 /* TG.xcdatamodeld */ = {
			isa = XCVersionGroup;
			children = (
				6B6C06E82A11E50A008C12D5 /* TG.xcdatamodel */,
			);
			currentVersion = 6B6C06E82A11E50A008C12D5 /* TG.xcdatamodel */;
			path = TG.xcdatamodeld;
			sourceTree = "<group>";
			versionGroupType = wrapper.xcdatamodel;
		};
/* End XCVersionGroup section */
	};
	rootObject = 6B6C06D32A11E50A008C12D5 /* Project object */;
}
